
Microsoft Visual Studio Solution File, Format Version 12.00
# Visual Studio Version 17
VisualStudioVersion = 17.14.36414.22 d17.14
MinimumVisualStudioVersion = 10.0.40219.1
Project("{FAE04EC0-301F-11D3-BF4B-00C04F79EFBC}") = "TaskManagmentAPI", "TaskManagmentAPI\TaskManagmentAPI.csproj", "{BD519423-06ED-42FF-803B-508547250CD7}"
EndProject
Project("{FAE04EC0-301F-11D3-BF4B-00C04F79EFBC}") = "TaskManagmentService", "TaskManagmentService\TaskManagmentService.csproj", "{DC54AA4F-A19E-4798-B833-100CA0AAEDC4}"
EndProject
Project("{FAE04EC0-301F-11D3-BF4B-00C04F79EFBC}") = "TaskManagmentCore", "TaskManagmentCore\TaskManagmentCore.csproj", "{FB6BC8B5-F6FD-4191-A67E-56BDE8DEBE13}"
EndProject
Global
	GlobalSection(SolutionConfigurationPlatforms) = preSolution
		Debug|Any CPU = Debug|Any CPU
		Release|Any CPU = Release|Any CPU
	EndGlobalSection
	GlobalSection(ProjectConfigurationPlatforms) = postSolution
		{BD519423-06ED-42FF-803B-508547250CD7}.Debug|Any CPU.ActiveCfg = Debug|Any CPU
		{BD519423-06ED-42FF-803B-508547250CD7}.Debug|Any CPU.Build.0 = Debug|Any CPU
		{BD519423-06ED-42FF-803B-508547250CD7}.Release|Any CPU.ActiveCfg = Release|Any CPU
		{BD519423-06ED-42FF-803B-508547250CD7}.Release|Any CPU.Build.0 = Release|Any CPU
		{DC54AA4F-A19E-4798-B833-100CA0AAEDC4}.Debug|Any CPU.ActiveCfg = Debug|Any CPU
		{DC54AA4F-A19E-4798-B833-100CA0AAEDC4}.Debug|Any CPU.Build.0 = Debug|Any CPU
		{DC54AA4F-A19E-4798-B833-100CA0AAEDC4}.Release|Any CPU.ActiveCfg = Release|Any CPU
		{DC54AA4F-A19E-4798-B833-100CA0AAEDC4}.Release|Any CPU.Build.0 = Release|Any CPU
		{FB6BC8B5-F6FD-4191-A67E-56BDE8DEBE13}.Debug|Any CPU.ActiveCfg = Debug|Any CPU
		{FB6BC8B5-F6FD-4191-A67E-56BDE8DEBE13}.Debug|Any CPU.Build.0 = Debug|Any CPU
		{FB6BC8B5-F6FD-4191-A67E-56BDE8DEBE13}.Release|Any CPU.ActiveCfg = Release|Any CPU
		{FB6BC8B5-F6FD-4191-A67E-56BDE8DEBE13}.Release|Any CPU.Build.0 = Release|Any CPU
	EndGlobalSection
	GlobalSection(SolutionProperties) = preSolution
		HideSolutionNode = FALSE
	EndGlobalSection
	GlobalSection(ExtensibilityGlobals) = postSolution
		SolutionGuid = {2FDA4AB8-CB80-4C37-B62F-37859684428D}
	EndGlobalSection
EndGlobal
